{
  "originHash" : "8d8f8e07be3a4e23563f4e3f9d85677d68cf1a4989ecfcb6809a24118fc7b67d",
  "pins" : [
    {
      "identity" : "swift-cairo",
      "kind" : "remoteSourceControl",
      "location" : "https://github.com/fwcd/swift-cairo.git",
      "state" : {
        "revision" : "9654454540ed412249259f310aa8b658b4359bc2",
        "version" : "1.3.4"
      }
    },
    {
      "identity" : "swift-docc-plugin",
      "kind" : "remoteSourceControl",
      "location" : "https://github.com/swiftlang/swift-docc-plugin.git",
      "state" : {
        "revision" : "85e4bb4e1cd62cec64a4b8e769dcefdf0c5b9d64",
        "version" : "1.4.3"
      }
    },
    {
      "identity" : "swift-docc-symbolkit",
      "kind" : "remoteSourceControl",
      "location" : "https://github.com/swiftlang/swift-docc-symbolkit",
      "state" : {
        "revision" : "b45d1f2ed151d057b54504d653e0da5552844e34",
        "version" : "1.0.0"
      }
    },
    {
      "identity" : "swift-geodesy",
      "kind" : "remoteSourceControl",
      "location" : "https://github.com/fwcd/swift-geodesy.git",
      "state" : {
        "revision" : "1eae39a90ff057da486681d4a194d13b0139fa08",
        "version" : "0.2.8"
      }
    },
    {
      "identity" : "swift-graphics",
      "kind" : "remoteSourceControl",
      "location" : "https://github.com/fwcd/swift-graphics.git",
      "state" : {
        "revision" : "d761f1856b3e6f9472d4d06db9bce9106f0650ca",
        "version" : "4.0.3"
      }
    },
    {
      "identity" : "swift-log",
      "kind" : "remoteSourceControl",
      "location" : "https://github.com/apple/swift-log.git",
      "state" : {
        "revision" : "9cb486020ebf03bfa5b5df985387a14a98744537",
        "version" : "1.6.1"
      }
    },
    {
      "identity" : "swift-utils",
      "kind" : "remoteSourceControl",
      "location" : "https://github.com/fwcd/swift-utils.git",
      "state" : {
        "revision" : "345aaba8ef60d06ec041010660eb13df6cc8c43d",
        "version" : "4.1.3"
      }
    },
    {
      "identity" : "swiftsoup",
      "kind" : "remoteSourceControl",
      "location" : "https://github.com/scinfu/SwiftSoup.git",
      "state" : {
        "revision" : "3c2c7e1e72b8abd96eafbae80323c5c1e5317437",
        "version" : "2.7.5"
      }
    },
    {
      "identity" : "xmlcoder",
      "kind" : "remoteSourceControl",
      "location" : "https://github.com/MaxDesiatov/XMLCoder.git",
      "state" : {
        "revision" : "b1e944cbd0ef33787b13f639a5418d55b3bed501",
        "version" : "0.17.1"
      }
    }
  ],
  "version" : 3
}
